
Microsoft Visual Studio Solution File, Format Version 12.00
# Visual Studio Version 17
VisualStudioVersion = 17.0.31903.59
MinimumVisualStudioVersion = 10.0.40219.1
Project("{9A19103F-16F7-4668-BE54-9A1E7A4F7556}") = "GrundlagenDatenypen", "GrundlagenDatenypen\GrundlagenDatenypen.csproj", "{FE64C1F4-5B68-4628-920F-1866123FFF52}"
EndProject
Project("{9A19103F-16F7-4668-BE54-9A1E7A4F7556}") = "GrundlagenGültigkeit", "GrundlagenGültigkeit\GrundlagenGültigkeit.csproj", "{80FCF510-14EA-44A9-A1A9-D160467310F0}"
EndProject
Project("{9A19103F-16F7-4668-BE54-9A1E7A4F7556}") = "UGülitgkeit", "UGülitgkeit\UGülitgkeit.csproj", "{C138FA1C-4145-49EB-A95F-1773D6AC8ED1}"
EndProject
Project("{FAE04EC0-301F-11D3-BF4B-00C04F79EFBC}") = "GrundlagenEnumerationen", "GrundlagenEnumerationen\GrundlagenEnumerationen.csproj", "{9E7AFBEC-3920-4523-B69E-22654607AE26}"
EndProject
Project("{FAE04EC0-301F-11D3-BF4B-00C04F79EFBC}") = "UOperatorenVergleich", "UOperatorenVergleich\UOperatorenVergleich.csproj", "{A125AC74-70B8-46B7-A619-02C45A0B9B8B}"
EndProject
Global
	GlobalSection(SolutionConfigurationPlatforms) = preSolution
		Debug|Any CPU = Debug|Any CPU
		Release|Any CPU = Release|Any CPU
	EndGlobalSection
	GlobalSection(ProjectConfigurationPlatforms) = postSolution
		{FE64C1F4-5B68-4628-920F-1866123FFF52}.Debug|Any CPU.ActiveCfg = Debug|Any CPU
		{FE64C1F4-5B68-4628-920F-1866123FFF52}.Debug|Any CPU.Build.0 = Debug|Any CPU
		{FE64C1F4-5B68-4628-920F-1866123FFF52}.Release|Any CPU.ActiveCfg = Release|Any CPU
		{FE64C1F4-5B68-4628-920F-1866123FFF52}.Release|Any CPU.Build.0 = Release|Any CPU
		{80FCF510-14EA-44A9-A1A9-D160467310F0}.Debug|Any CPU.ActiveCfg = Debug|Any CPU
		{80FCF510-14EA-44A9-A1A9-D160467310F0}.Debug|Any CPU.Build.0 = Debug|Any CPU
		{80FCF510-14EA-44A9-A1A9-D160467310F0}.Release|Any CPU.ActiveCfg = Release|Any CPU
		{80FCF510-14EA-44A9-A1A9-D160467310F0}.Release|Any CPU.Build.0 = Release|Any CPU
		{C138FA1C-4145-49EB-A95F-1773D6AC8ED1}.Debug|Any CPU.ActiveCfg = Debug|Any CPU
		{C138FA1C-4145-49EB-A95F-1773D6AC8ED1}.Debug|Any CPU.Build.0 = Debug|Any CPU
		{C138FA1C-4145-49EB-A95F-1773D6AC8ED1}.Release|Any CPU.ActiveCfg = Release|Any CPU
		{C138FA1C-4145-49EB-A95F-1773D6AC8ED1}.Release|Any CPU.Build.0 = Release|Any CPU
		{9E7AFBEC-3920-4523-B69E-22654607AE26}.Debug|Any CPU.ActiveCfg = Debug|Any CPU
		{9E7AFBEC-3920-4523-B69E-22654607AE26}.Debug|Any CPU.Build.0 = Debug|Any CPU
		{9E7AFBEC-3920-4523-B69E-22654607AE26}.Release|Any CPU.ActiveCfg = Release|Any CPU
		{9E7AFBEC-3920-4523-B69E-22654607AE26}.Release|Any CPU.Build.0 = Release|Any CPU
		{A125AC74-70B8-46B7-A619-02C45A0B9B8B}.Debug|Any CPU.ActiveCfg = Debug|Any CPU
		{A125AC74-70B8-46B7-A619-02C45A0B9B8B}.Debug|Any CPU.Build.0 = Debug|Any CPU
		{A125AC74-70B8-46B7-A619-02C45A0B9B8B}.Release|Any CPU.ActiveCfg = Release|Any CPU
		{A125AC74-70B8-46B7-A619-02C45A0B9B8B}.Release|Any CPU.Build.0 = Release|Any CPU
	EndGlobalSection
	GlobalSection(SolutionProperties) = preSolution
		HideSolutionNode = FALSE
	EndGlobalSection
	GlobalSection(ExtensibilityGlobals) = postSolution
		SolutionGuid = {8E444E3E-EDE8-482F-A7FB-190AC9E6F65D}
	EndGlobalSection
EndGlobal
