
Microsoft Visual Studio Solution File, Format Version 12.00
# Visual Studio Version 17
VisualStudioVersion = 17.0.31903.59
MinimumVisualStudioVersion = 10.0.40219.1
Project("{9A19103F-16F7-4668-BE54-9A1E7A4F7556}") = "Klassen", "ObjektorientierteProgrammierung\Klassen.csproj", "{11BEE5CB-2EB4-464A-B539-CE668A15A5B2}"
EndProject
Project("{FAE04EC0-301F-11D3-BF4B-00C04F79EFBC}") = "KlassenEigenschaftsMethoden", "KlassenEigenschaftsMethoden\KlassenEigenschaftsMethoden.csproj", "{42C14A8B-25D5-440B-AF0B-2ACC752D50BB}"
EndProject
Project("{FAE04EC0-301F-11D3-BF4B-00C04F79EFBC}") = "KlassenKonstruktoren", "KlassenKonstruktoren\KlassenKonstruktoren.csproj", "{37869B81-22C6-4744-A5FB-18C28FABD5E1}"
EndProject
Project("{FAE04EC0-301F-11D3-BF4B-00C04F79EFBC}") = "KlassenPruefung", "KlassenPruefung\KlassenPruefung.csproj", "{A605F379-090C-488B-9B37-F43D1E213223}"
EndProject
Project("{FAE04EC0-301F-11D3-BF4B-00C04F79EFBC}") = "KlassenSchnittstellen", "KlassenSchnittstellen\KlassenSchnittstellen.csproj", "{63BCF8F3-6E0F-433E-99D8-C588FAE897D1}"
EndProject
Project("{FAE04EC0-301F-11D3-BF4B-00C04F79EFBC}") = "UBankkonten", "UBankkonten\UBankkonten.csproj", "{180E65C9-CF60-4200-8E6D-E772A9546941}"
EndProject
Global
	GlobalSection(SolutionConfigurationPlatforms) = preSolution
		Debug|Any CPU = Debug|Any CPU
		Release|Any CPU = Release|Any CPU
	EndGlobalSection
	GlobalSection(ProjectConfigurationPlatforms) = postSolution
		{11BEE5CB-2EB4-464A-B539-CE668A15A5B2}.Debug|Any CPU.ActiveCfg = Debug|Any CPU
		{11BEE5CB-2EB4-464A-B539-CE668A15A5B2}.Debug|Any CPU.Build.0 = Debug|Any CPU
		{11BEE5CB-2EB4-464A-B539-CE668A15A5B2}.Release|Any CPU.ActiveCfg = Release|Any CPU
		{11BEE5CB-2EB4-464A-B539-CE668A15A5B2}.Release|Any CPU.Build.0 = Release|Any CPU
		{42C14A8B-25D5-440B-AF0B-2ACC752D50BB}.Debug|Any CPU.ActiveCfg = Debug|Any CPU
		{42C14A8B-25D5-440B-AF0B-2ACC752D50BB}.Debug|Any CPU.Build.0 = Debug|Any CPU
		{42C14A8B-25D5-440B-AF0B-2ACC752D50BB}.Release|Any CPU.ActiveCfg = Release|Any CPU
		{42C14A8B-25D5-440B-AF0B-2ACC752D50BB}.Release|Any CPU.Build.0 = Release|Any CPU
		{37869B81-22C6-4744-A5FB-18C28FABD5E1}.Debug|Any CPU.ActiveCfg = Debug|Any CPU
		{37869B81-22C6-4744-A5FB-18C28FABD5E1}.Debug|Any CPU.Build.0 = Debug|Any CPU
		{37869B81-22C6-4744-A5FB-18C28FABD5E1}.Release|Any CPU.ActiveCfg = Release|Any CPU
		{37869B81-22C6-4744-A5FB-18C28FABD5E1}.Release|Any CPU.Build.0 = Release|Any CPU
		{A605F379-090C-488B-9B37-F43D1E213223}.Debug|Any CPU.ActiveCfg = Debug|Any CPU
		{A605F379-090C-488B-9B37-F43D1E213223}.Debug|Any CPU.Build.0 = Debug|Any CPU
		{A605F379-090C-488B-9B37-F43D1E213223}.Release|Any CPU.ActiveCfg = Release|Any CPU
		{A605F379-090C-488B-9B37-F43D1E213223}.Release|Any CPU.Build.0 = Release|Any CPU
		{63BCF8F3-6E0F-433E-99D8-C588FAE897D1}.Debug|Any CPU.ActiveCfg = Debug|Any CPU
		{63BCF8F3-6E0F-433E-99D8-C588FAE897D1}.Debug|Any CPU.Build.0 = Debug|Any CPU
		{63BCF8F3-6E0F-433E-99D8-C588FAE897D1}.Release|Any CPU.ActiveCfg = Release|Any CPU
		{63BCF8F3-6E0F-433E-99D8-C588FAE897D1}.Release|Any CPU.Build.0 = Release|Any CPU
		{180E65C9-CF60-4200-8E6D-E772A9546941}.Debug|Any CPU.ActiveCfg = Debug|Any CPU
		{180E65C9-CF60-4200-8E6D-E772A9546941}.Debug|Any CPU.Build.0 = Debug|Any CPU
		{180E65C9-CF60-4200-8E6D-E772A9546941}.Release|Any CPU.ActiveCfg = Release|Any CPU
		{180E65C9-CF60-4200-8E6D-E772A9546941}.Release|Any CPU.Build.0 = Release|Any CPU
	EndGlobalSection
	GlobalSection(SolutionProperties) = preSolution
		HideSolutionNode = FALSE
	EndGlobalSection
	GlobalSection(ExtensibilityGlobals) = postSolution
		SolutionGuid = {D519C2FF-5A5A-492C-880C-498DAFA81C5F}
	EndGlobalSection
EndGlobal
