
Microsoft Visual Studio Solution File, Format Version 12.00
# Visual Studio Version 17
VisualStudioVersion = 17.0.31903.59
MinimumVisualStudioVersion = 10.0.40219.1
Project("{9A19103F-16F7-4668-BE54-9A1E7A4F7556}") = "ErweiterungEnabledVisible", "ErweiterungEnabledVisible\ErweiterungEnabledVisible.csproj", "{47F39247-C012-4775-A108-E71138A8BE14}"
EndProject
Project("{FAE04EC0-301F-11D3-BF4B-00C04F79EFBC}") = "TastaturundMaus", "TastaturundMaus\TastaturundMaus.csproj", "{F434840E-F3A3-4BB2-9C90-378F9553A2C8}"
EndProject
Project("{FAE04EC0-301F-11D3-BF4B-00C04F79EFBC}") = "DatenfeldEindimensional", "DatenfeldEindimensional\DatenfeldEindimensional.csproj", "{A5C5E3E0-1507-41E6-B72A-7A03B052710E}"
EndProject
Project("{FAE04EC0-301F-11D3-BF4B-00C04F79EFBC}") = "Methoden", "Methoden\Methoden.csproj", "{A82D5CF6-B633-403F-955F-7A8B37AFDAEE}"
EndProject
Project("{FAE04EC0-301F-11D3-BF4B-00C04F79EFBC}") = "UMethoden", "UMethoden\UMethoden.csproj", "{DE5BFB9E-8CE7-45BE-B37B-272091A29EAE}"
EndProject
Global
	GlobalSection(SolutionConfigurationPlatforms) = preSolution
		Debug|Any CPU = Debug|Any CPU
		Release|Any CPU = Release|Any CPU
	EndGlobalSection
	GlobalSection(ProjectConfigurationPlatforms) = postSolution
		{47F39247-C012-4775-A108-E71138A8BE14}.Debug|Any CPU.ActiveCfg = Debug|Any CPU
		{47F39247-C012-4775-A108-E71138A8BE14}.Debug|Any CPU.Build.0 = Debug|Any CPU
		{47F39247-C012-4775-A108-E71138A8BE14}.Release|Any CPU.ActiveCfg = Release|Any CPU
		{47F39247-C012-4775-A108-E71138A8BE14}.Release|Any CPU.Build.0 = Release|Any CPU
		{F434840E-F3A3-4BB2-9C90-378F9553A2C8}.Debug|Any CPU.ActiveCfg = Debug|Any CPU
		{F434840E-F3A3-4BB2-9C90-378F9553A2C8}.Debug|Any CPU.Build.0 = Debug|Any CPU
		{F434840E-F3A3-4BB2-9C90-378F9553A2C8}.Release|Any CPU.ActiveCfg = Release|Any CPU
		{F434840E-F3A3-4BB2-9C90-378F9553A2C8}.Release|Any CPU.Build.0 = Release|Any CPU
		{A5C5E3E0-1507-41E6-B72A-7A03B052710E}.Debug|Any CPU.ActiveCfg = Debug|Any CPU
		{A5C5E3E0-1507-41E6-B72A-7A03B052710E}.Debug|Any CPU.Build.0 = Debug|Any CPU
		{A5C5E3E0-1507-41E6-B72A-7A03B052710E}.Release|Any CPU.ActiveCfg = Release|Any CPU
		{A5C5E3E0-1507-41E6-B72A-7A03B052710E}.Release|Any CPU.Build.0 = Release|Any CPU
		{A82D5CF6-B633-403F-955F-7A8B37AFDAEE}.Debug|Any CPU.ActiveCfg = Debug|Any CPU
		{A82D5CF6-B633-403F-955F-7A8B37AFDAEE}.Debug|Any CPU.Build.0 = Debug|Any CPU
		{A82D5CF6-B633-403F-955F-7A8B37AFDAEE}.Release|Any CPU.ActiveCfg = Release|Any CPU
		{A82D5CF6-B633-403F-955F-7A8B37AFDAEE}.Release|Any CPU.Build.0 = Release|Any CPU
		{DE5BFB9E-8CE7-45BE-B37B-272091A29EAE}.Debug|Any CPU.ActiveCfg = Debug|Any CPU
		{DE5BFB9E-8CE7-45BE-B37B-272091A29EAE}.Debug|Any CPU.Build.0 = Debug|Any CPU
		{DE5BFB9E-8CE7-45BE-B37B-272091A29EAE}.Release|Any CPU.ActiveCfg = Release|Any CPU
		{DE5BFB9E-8CE7-45BE-B37B-272091A29EAE}.Release|Any CPU.Build.0 = Release|Any CPU
	EndGlobalSection
	GlobalSection(SolutionProperties) = preSolution
		HideSolutionNode = FALSE
	EndGlobalSection
	GlobalSection(ExtensibilityGlobals) = postSolution
		SolutionGuid = {55229B52-0BAB-45F6-987C-6F024FAFA237}
	EndGlobalSection
EndGlobal
