
Microsoft Visual Studio Solution File, Format Version 12.00
# Visual Studio Version 17
VisualStudioVersion = 17.0.31903.59
MinimumVisualStudioVersion = 10.0.40219.1
Project("{9A19103F-16F7-4668-BE54-9A1E7A4F7556}") = "GrundlagenDatentypen", "GrundlagenDatentypen\GrundlagenDatentypen.csproj", "{11BB342D-1240-4AD2-88EE-457C541BF95A}"
EndProject
Project("{9A19103F-16F7-4668-BE54-9A1E7A4F7556}") = "GrundlagenGültigkeit", "GrundlagenGültigkeit\GrundlagenGültigkeit.csproj", "{580CC813-0F2B-4EB8-BA40-B1E971D07781}"
EndProject
Project("{9A19103F-16F7-4668-BE54-9A1E7A4F7556}") = "UGültigkeit", "UGültigkeit\UGültigkeit.csproj", "{43F65C20-A91D-468D-A891-6DB36A33D332}"
EndProject
Project("{FAE04EC0-301F-11D3-BF4B-00C04F79EFBC}") = "GrundlagenEnumeration", "GrundlagenEnumeration\GrundlagenEnumeration.csproj", "{1BB484CE-D38D-4DAB-BA1D-C2BDBF8F31C0}"
EndProject
Project("{FAE04EC0-301F-11D3-BF4B-00C04F79EFBC}") = "UOperatorenBerechnen", "UOperatorenBerechnen\UOperatorenBerechnen.csproj", "{957242E9-5987-4B27-AEA4-FE6A2F261B9A}"
EndProject
Project("{FAE04EC0-301F-11D3-BF4B-00C04F79EFBC}") = "SteuerelementTextBox", "SteuerelementTextBox\SteuerelementTextBox.csproj", "{6272A2A4-5319-4F69-B019-4C5A831FA938}"
EndProject
Project("{FAE04EC0-301F-11D3-BF4B-00C04F79EFBC}") = "SteuerelementNummericUpDown", "SteuerelementNummericUpDown\SteuerelementNummericUpDown.csproj", "{183E0D86-858F-4174-9440-1BA8AE8408BC}"
EndProject
Project("{FAE04EC0-301F-11D3-BF4B-00C04F79EFBC}") = "GrundlagenIfElse", "GrundlagenIfElse\GrundlagenIfElse.csproj", "{4C763C88-3DFA-4B7C-A0E1-018A8DC4E34C}"
EndProject
Global
	GlobalSection(SolutionConfigurationPlatforms) = preSolution
		Debug|Any CPU = Debug|Any CPU
		Release|Any CPU = Release|Any CPU
	EndGlobalSection
	GlobalSection(ProjectConfigurationPlatforms) = postSolution
		{11BB342D-1240-4AD2-88EE-457C541BF95A}.Debug|Any CPU.ActiveCfg = Debug|Any CPU
		{11BB342D-1240-4AD2-88EE-457C541BF95A}.Debug|Any CPU.Build.0 = Debug|Any CPU
		{11BB342D-1240-4AD2-88EE-457C541BF95A}.Release|Any CPU.ActiveCfg = Release|Any CPU
		{11BB342D-1240-4AD2-88EE-457C541BF95A}.Release|Any CPU.Build.0 = Release|Any CPU
		{580CC813-0F2B-4EB8-BA40-B1E971D07781}.Debug|Any CPU.ActiveCfg = Debug|Any CPU
		{580CC813-0F2B-4EB8-BA40-B1E971D07781}.Debug|Any CPU.Build.0 = Debug|Any CPU
		{580CC813-0F2B-4EB8-BA40-B1E971D07781}.Release|Any CPU.ActiveCfg = Release|Any CPU
		{580CC813-0F2B-4EB8-BA40-B1E971D07781}.Release|Any CPU.Build.0 = Release|Any CPU
		{43F65C20-A91D-468D-A891-6DB36A33D332}.Debug|Any CPU.ActiveCfg = Debug|Any CPU
		{43F65C20-A91D-468D-A891-6DB36A33D332}.Debug|Any CPU.Build.0 = Debug|Any CPU
		{43F65C20-A91D-468D-A891-6DB36A33D332}.Release|Any CPU.ActiveCfg = Release|Any CPU
		{43F65C20-A91D-468D-A891-6DB36A33D332}.Release|Any CPU.Build.0 = Release|Any CPU
		{1BB484CE-D38D-4DAB-BA1D-C2BDBF8F31C0}.Debug|Any CPU.ActiveCfg = Debug|Any CPU
		{1BB484CE-D38D-4DAB-BA1D-C2BDBF8F31C0}.Debug|Any CPU.Build.0 = Debug|Any CPU
		{1BB484CE-D38D-4DAB-BA1D-C2BDBF8F31C0}.Release|Any CPU.ActiveCfg = Release|Any CPU
		{1BB484CE-D38D-4DAB-BA1D-C2BDBF8F31C0}.Release|Any CPU.Build.0 = Release|Any CPU
		{957242E9-5987-4B27-AEA4-FE6A2F261B9A}.Debug|Any CPU.ActiveCfg = Debug|Any CPU
		{957242E9-5987-4B27-AEA4-FE6A2F261B9A}.Debug|Any CPU.Build.0 = Debug|Any CPU
		{957242E9-5987-4B27-AEA4-FE6A2F261B9A}.Release|Any CPU.ActiveCfg = Release|Any CPU
		{957242E9-5987-4B27-AEA4-FE6A2F261B9A}.Release|Any CPU.Build.0 = Release|Any CPU
		{6272A2A4-5319-4F69-B019-4C5A831FA938}.Debug|Any CPU.ActiveCfg = Debug|Any CPU
		{6272A2A4-5319-4F69-B019-4C5A831FA938}.Debug|Any CPU.Build.0 = Debug|Any CPU
		{6272A2A4-5319-4F69-B019-4C5A831FA938}.Release|Any CPU.ActiveCfg = Release|Any CPU
		{6272A2A4-5319-4F69-B019-4C5A831FA938}.Release|Any CPU.Build.0 = Release|Any CPU
		{183E0D86-858F-4174-9440-1BA8AE8408BC}.Debug|Any CPU.ActiveCfg = Debug|Any CPU
		{183E0D86-858F-4174-9440-1BA8AE8408BC}.Debug|Any CPU.Build.0 = Debug|Any CPU
		{183E0D86-858F-4174-9440-1BA8AE8408BC}.Release|Any CPU.ActiveCfg = Release|Any CPU
		{183E0D86-858F-4174-9440-1BA8AE8408BC}.Release|Any CPU.Build.0 = Release|Any CPU
		{4C763C88-3DFA-4B7C-A0E1-018A8DC4E34C}.Debug|Any CPU.ActiveCfg = Debug|Any CPU
		{4C763C88-3DFA-4B7C-A0E1-018A8DC4E34C}.Debug|Any CPU.Build.0 = Debug|Any CPU
		{4C763C88-3DFA-4B7C-A0E1-018A8DC4E34C}.Release|Any CPU.ActiveCfg = Release|Any CPU
		{4C763C88-3DFA-4B7C-A0E1-018A8DC4E34C}.Release|Any CPU.Build.0 = Release|Any CPU
	EndGlobalSection
	GlobalSection(SolutionProperties) = preSolution
		HideSolutionNode = FALSE
	EndGlobalSection
	GlobalSection(ExtensibilityGlobals) = postSolution
		SolutionGuid = {58FA02E3-30C5-4448-BD40-6A50A5259487}
	EndGlobalSection
EndGlobal
