
Microsoft Visual Studio Solution File, Format Version 12.00
# Visual Studio Version 17
VisualStudioVersion = 17.0.31903.59
MinimumVisualStudioVersion = 10.0.40219.1
Project("{9A19103F-16F7-4668-BE54-9A1E7A4F7556}") = "GrundlagenDatentypen", "GrundlagenDatentypen\GrundlagenDatentypen.csproj", "{11BB342D-1240-4AD2-88EE-457C541BF95A}"
EndProject
Project("{9A19103F-16F7-4668-BE54-9A1E7A4F7556}") = "GrundlagenGültigkeit", "GrundlagenGültigkeit\GrundlagenGültigkeit.csproj", "{580CC813-0F2B-4EB8-BA40-B1E971D07781}"
EndProject
Project("{9A19103F-16F7-4668-BE54-9A1E7A4F7556}") = "UGültigkeit", "UGültigkeit\UGültigkeit.csproj", "{43F65C20-A91D-468D-A891-6DB36A33D332}"
EndProject
Project("{9A19103F-16F7-4668-BE54-9A1E7A4F7556}") = "GrundlagenEnumeration", "GrundlagenEnumeration\GrundlagenEnumeration.csproj", "{1BB484CE-D38D-4DAB-BA1D-C2BDBF8F31C0}"
EndProject
Project("{9A19103F-16F7-4668-BE54-9A1E7A4F7556}") = "UOperatorenBerechnen", "UOperatorenBerechnen\UOperatorenBerechnen.csproj", "{957242E9-5987-4B27-AEA4-FE6A2F261B9A}"
EndProject
Project("{9A19103F-16F7-4668-BE54-9A1E7A4F7556}") = "SteuerelementTextBox", "SteuerelementTextBox\SteuerelementTextBox.csproj", "{6272A2A4-5319-4F69-B019-4C5A831FA938}"
EndProject
Project("{9A19103F-16F7-4668-BE54-9A1E7A4F7556}") = "SteuerelementNummericUpDown", "SteuerelementNummericUpDown\SteuerelementNummericUpDown.csproj", "{183E0D86-858F-4174-9440-1BA8AE8408BC}"
EndProject
Project("{9A19103F-16F7-4668-BE54-9A1E7A4F7556}") = "GrundlagenIfElse", "GrundlagenIfElse\GrundlagenIfElse.csproj", "{4C763C88-3DFA-4B7C-A0E1-018A8DC4E34C}"
EndProject
Project("{9A19103F-16F7-4668-BE54-9A1E7A4F7556}") = "USteuerbetrag", "USteuerbetrag\USteuerbetrag.csproj", "{51AD39BB-257F-4BC5-9CF3-ACC10B3C0DAD}"
EndProject
Project("{9A19103F-16F7-4668-BE54-9A1E7A4F7556}") = "GrundlagenSwitch", "GrundlagenSwitch\GrundlagenSwitch.csproj", "{39B28A74-4B16-46A4-AFB1-FC2463A27491}"
EndProject
Project("{9A19103F-16F7-4668-BE54-9A1E7A4F7556}") = "SteuerelementCheckBox", "SteuerelementCheckBox\SteuerelementCheckBox.csproj", "{8F5C2F71-BFD1-4FFB-AF2D-5ACFAC8E3E3C}"
EndProject
Project("{9A19103F-16F7-4668-BE54-9A1E7A4F7556}") = "SteuerelementRadioButton", "SteuerelementRadioButton\SteuerelementRadioButton.csproj", "{7B7D9A0A-7A07-435F-8F80-178A5E7FCAD5}"
EndProject
Project("{9A19103F-16F7-4668-BE54-9A1E7A4F7556}") = "GroupBox", "GroupBox\GroupBox.csproj", "{7FB9FA22-C076-486E-B593-2D8E941AE564}"
EndProject
Project("{9A19103F-16F7-4668-BE54-9A1E7A4F7556}") = "GrundlagenFor", "GrundlagenFor\GrundlagenFor.csproj", "{3F9A4AFB-603A-4C93-AC28-9E90DCDE796F}"
EndProject
Project("{9A19103F-16F7-4668-BE54-9A1E7A4F7556}") = "GrundlagenWhile", "GrundlagenWhile\GrundlagenWhile.csproj", "{1A91216A-7550-4A67-A6B2-866EE97E6CDE}"
EndProject
Project("{9A19103F-16F7-4668-BE54-9A1E7A4F7556}") = "USchleifeFor", "USchleifeFor\USchleifeFor.csproj", "{A758D4D5-3887-4621-93DA-C16C2DC28C4F}"
EndProject
Project("{9A19103F-16F7-4668-BE54-9A1E7A4F7556}") = "USchleifeWhile", "USchleifeWhile\USchleifeWhile.csproj", "{50E9F050-557F-4DB2-9038-D3B2B070251D}"
EndProject
Project("{9A19103F-16F7-4668-BE54-9A1E7A4F7556}") = "SteuerelementListBox", "SteuerelementListBox\SteuerelementListBox.csproj", "{DE44BD58-6C70-488E-84E4-EE9CD5D57C57}"
EndProject
Project("{9A19103F-16F7-4668-BE54-9A1E7A4F7556}") = "SteuerelementListBoxVerwalten", "SteuerelementListBoxVerwalten\SteuerelementListBoxVerwalten.csproj", "{6607D062-F606-450B-9DF1-06DB0C18737F}"
EndProject
Global
	GlobalSection(SolutionConfigurationPlatforms) = preSolution
		Debug|Any CPU = Debug|Any CPU
		Release|Any CPU = Release|Any CPU
	EndGlobalSection
	GlobalSection(ProjectConfigurationPlatforms) = postSolution
		{11BB342D-1240-4AD2-88EE-457C541BF95A}.Debug|Any CPU.ActiveCfg = Debug|Any CPU
		{11BB342D-1240-4AD2-88EE-457C541BF95A}.Debug|Any CPU.Build.0 = Debug|Any CPU
		{11BB342D-1240-4AD2-88EE-457C541BF95A}.Release|Any CPU.ActiveCfg = Release|Any CPU
		{11BB342D-1240-4AD2-88EE-457C541BF95A}.Release|Any CPU.Build.0 = Release|Any CPU
		{580CC813-0F2B-4EB8-BA40-B1E971D07781}.Debug|Any CPU.ActiveCfg = Debug|Any CPU
		{580CC813-0F2B-4EB8-BA40-B1E971D07781}.Debug|Any CPU.Build.0 = Debug|Any CPU
		{580CC813-0F2B-4EB8-BA40-B1E971D07781}.Release|Any CPU.ActiveCfg = Release|Any CPU
		{580CC813-0F2B-4EB8-BA40-B1E971D07781}.Release|Any CPU.Build.0 = Release|Any CPU
		{43F65C20-A91D-468D-A891-6DB36A33D332}.Debug|Any CPU.ActiveCfg = Debug|Any CPU
		{43F65C20-A91D-468D-A891-6DB36A33D332}.Debug|Any CPU.Build.0 = Debug|Any CPU
		{43F65C20-A91D-468D-A891-6DB36A33D332}.Release|Any CPU.ActiveCfg = Release|Any CPU
		{43F65C20-A91D-468D-A891-6DB36A33D332}.Release|Any CPU.Build.0 = Release|Any CPU
		{1BB484CE-D38D-4DAB-BA1D-C2BDBF8F31C0}.Debug|Any CPU.ActiveCfg = Debug|Any CPU
		{1BB484CE-D38D-4DAB-BA1D-C2BDBF8F31C0}.Debug|Any CPU.Build.0 = Debug|Any CPU
		{1BB484CE-D38D-4DAB-BA1D-C2BDBF8F31C0}.Release|Any CPU.ActiveCfg = Release|Any CPU
		{1BB484CE-D38D-4DAB-BA1D-C2BDBF8F31C0}.Release|Any CPU.Build.0 = Release|Any CPU
		{957242E9-5987-4B27-AEA4-FE6A2F261B9A}.Debug|Any CPU.ActiveCfg = Debug|Any CPU
		{957242E9-5987-4B27-AEA4-FE6A2F261B9A}.Debug|Any CPU.Build.0 = Debug|Any CPU
		{957242E9-5987-4B27-AEA4-FE6A2F261B9A}.Release|Any CPU.ActiveCfg = Release|Any CPU
		{957242E9-5987-4B27-AEA4-FE6A2F261B9A}.Release|Any CPU.Build.0 = Release|Any CPU
		{6272A2A4-5319-4F69-B019-4C5A831FA938}.Debug|Any CPU.ActiveCfg = Debug|Any CPU
		{6272A2A4-5319-4F69-B019-4C5A831FA938}.Debug|Any CPU.Build.0 = Debug|Any CPU
		{6272A2A4-5319-4F69-B019-4C5A831FA938}.Release|Any CPU.ActiveCfg = Release|Any CPU
		{6272A2A4-5319-4F69-B019-4C5A831FA938}.Release|Any CPU.Build.0 = Release|Any CPU
		{183E0D86-858F-4174-9440-1BA8AE8408BC}.Debug|Any CPU.ActiveCfg = Debug|Any CPU
		{183E0D86-858F-4174-9440-1BA8AE8408BC}.Debug|Any CPU.Build.0 = Debug|Any CPU
		{183E0D86-858F-4174-9440-1BA8AE8408BC}.Release|Any CPU.ActiveCfg = Release|Any CPU
		{183E0D86-858F-4174-9440-1BA8AE8408BC}.Release|Any CPU.Build.0 = Release|Any CPU
		{4C763C88-3DFA-4B7C-A0E1-018A8DC4E34C}.Debug|Any CPU.ActiveCfg = Debug|Any CPU
		{4C763C88-3DFA-4B7C-A0E1-018A8DC4E34C}.Debug|Any CPU.Build.0 = Debug|Any CPU
		{4C763C88-3DFA-4B7C-A0E1-018A8DC4E34C}.Release|Any CPU.ActiveCfg = Release|Any CPU
		{4C763C88-3DFA-4B7C-A0E1-018A8DC4E34C}.Release|Any CPU.Build.0 = Release|Any CPU
		{51AD39BB-257F-4BC5-9CF3-ACC10B3C0DAD}.Debug|Any CPU.ActiveCfg = Debug|Any CPU
		{51AD39BB-257F-4BC5-9CF3-ACC10B3C0DAD}.Debug|Any CPU.Build.0 = Debug|Any CPU
		{51AD39BB-257F-4BC5-9CF3-ACC10B3C0DAD}.Release|Any CPU.ActiveCfg = Release|Any CPU
		{51AD39BB-257F-4BC5-9CF3-ACC10B3C0DAD}.Release|Any CPU.Build.0 = Release|Any CPU
		{39B28A74-4B16-46A4-AFB1-FC2463A27491}.Debug|Any CPU.ActiveCfg = Debug|Any CPU
		{39B28A74-4B16-46A4-AFB1-FC2463A27491}.Debug|Any CPU.Build.0 = Debug|Any CPU
		{39B28A74-4B16-46A4-AFB1-FC2463A27491}.Release|Any CPU.ActiveCfg = Release|Any CPU
		{39B28A74-4B16-46A4-AFB1-FC2463A27491}.Release|Any CPU.Build.0 = Release|Any CPU
		{8F5C2F71-BFD1-4FFB-AF2D-5ACFAC8E3E3C}.Debug|Any CPU.ActiveCfg = Debug|Any CPU
		{8F5C2F71-BFD1-4FFB-AF2D-5ACFAC8E3E3C}.Debug|Any CPU.Build.0 = Debug|Any CPU
		{8F5C2F71-BFD1-4FFB-AF2D-5ACFAC8E3E3C}.Release|Any CPU.ActiveCfg = Release|Any CPU
		{8F5C2F71-BFD1-4FFB-AF2D-5ACFAC8E3E3C}.Release|Any CPU.Build.0 = Release|Any CPU
		{7B7D9A0A-7A07-435F-8F80-178A5E7FCAD5}.Debug|Any CPU.ActiveCfg = Debug|Any CPU
		{7B7D9A0A-7A07-435F-8F80-178A5E7FCAD5}.Debug|Any CPU.Build.0 = Debug|Any CPU
		{7B7D9A0A-7A07-435F-8F80-178A5E7FCAD5}.Release|Any CPU.ActiveCfg = Release|Any CPU
		{7B7D9A0A-7A07-435F-8F80-178A5E7FCAD5}.Release|Any CPU.Build.0 = Release|Any CPU
		{7FB9FA22-C076-486E-B593-2D8E941AE564}.Debug|Any CPU.ActiveCfg = Debug|Any CPU
		{7FB9FA22-C076-486E-B593-2D8E941AE564}.Debug|Any CPU.Build.0 = Debug|Any CPU
		{7FB9FA22-C076-486E-B593-2D8E941AE564}.Release|Any CPU.ActiveCfg = Release|Any CPU
		{7FB9FA22-C076-486E-B593-2D8E941AE564}.Release|Any CPU.Build.0 = Release|Any CPU
		{3F9A4AFB-603A-4C93-AC28-9E90DCDE796F}.Debug|Any CPU.ActiveCfg = Debug|Any CPU
		{3F9A4AFB-603A-4C93-AC28-9E90DCDE796F}.Debug|Any CPU.Build.0 = Debug|Any CPU
		{3F9A4AFB-603A-4C93-AC28-9E90DCDE796F}.Release|Any CPU.ActiveCfg = Release|Any CPU
		{3F9A4AFB-603A-4C93-AC28-9E90DCDE796F}.Release|Any CPU.Build.0 = Release|Any CPU
		{1A91216A-7550-4A67-A6B2-866EE97E6CDE}.Debug|Any CPU.ActiveCfg = Debug|Any CPU
		{1A91216A-7550-4A67-A6B2-866EE97E6CDE}.Debug|Any CPU.Build.0 = Debug|Any CPU
		{1A91216A-7550-4A67-A6B2-866EE97E6CDE}.Release|Any CPU.ActiveCfg = Release|Any CPU
		{1A91216A-7550-4A67-A6B2-866EE97E6CDE}.Release|Any CPU.Build.0 = Release|Any CPU
		{A758D4D5-3887-4621-93DA-C16C2DC28C4F}.Debug|Any CPU.ActiveCfg = Debug|Any CPU
		{A758D4D5-3887-4621-93DA-C16C2DC28C4F}.Debug|Any CPU.Build.0 = Debug|Any CPU
		{A758D4D5-3887-4621-93DA-C16C2DC28C4F}.Release|Any CPU.ActiveCfg = Release|Any CPU
		{A758D4D5-3887-4621-93DA-C16C2DC28C4F}.Release|Any CPU.Build.0 = Release|Any CPU
		{50E9F050-557F-4DB2-9038-D3B2B070251D}.Debug|Any CPU.ActiveCfg = Debug|Any CPU
		{50E9F050-557F-4DB2-9038-D3B2B070251D}.Debug|Any CPU.Build.0 = Debug|Any CPU
		{50E9F050-557F-4DB2-9038-D3B2B070251D}.Release|Any CPU.ActiveCfg = Release|Any CPU
		{50E9F050-557F-4DB2-9038-D3B2B070251D}.Release|Any CPU.Build.0 = Release|Any CPU
		{DE44BD58-6C70-488E-84E4-EE9CD5D57C57}.Debug|Any CPU.ActiveCfg = Debug|Any CPU
		{DE44BD58-6C70-488E-84E4-EE9CD5D57C57}.Debug|Any CPU.Build.0 = Debug|Any CPU
		{DE44BD58-6C70-488E-84E4-EE9CD5D57C57}.Release|Any CPU.ActiveCfg = Release|Any CPU
		{DE44BD58-6C70-488E-84E4-EE9CD5D57C57}.Release|Any CPU.Build.0 = Release|Any CPU
		{6607D062-F606-450B-9DF1-06DB0C18737F}.Debug|Any CPU.ActiveCfg = Debug|Any CPU
		{6607D062-F606-450B-9DF1-06DB0C18737F}.Debug|Any CPU.Build.0 = Debug|Any CPU
		{6607D062-F606-450B-9DF1-06DB0C18737F}.Release|Any CPU.ActiveCfg = Release|Any CPU
		{6607D062-F606-450B-9DF1-06DB0C18737F}.Release|Any CPU.Build.0 = Release|Any CPU
	EndGlobalSection
	GlobalSection(SolutionProperties) = preSolution
		HideSolutionNode = FALSE
	EndGlobalSection
	GlobalSection(ExtensibilityGlobals) = postSolution
		SolutionGuid = {58FA02E3-30C5-4448-BD40-6A50A5259487}
	EndGlobalSection
EndGlobal
