
Microsoft Visual Studio Solution File, Format Version 12.00
# Visual Studio Version 17
VisualStudioVersion = 17.0.31903.59
MinimumVisualStudioVersion = 10.0.40219.1
Project("{9A19103F-16F7-4668-BE54-9A1E7A4F7556}") = "LaufzeitfehlerKapitel3", "LaufzeitfehlerKapitel3\LaufzeitfehlerKapitel3.csproj", "{68D90EF1-A39E-4F6C-A38B-4FDC0489A2B5}"
EndProject
Project("{FAE04EC0-301F-11D3-BF4B-00C04F79EFBC}") = "Verein", "Verein\Verein.csproj", "{684AFAF7-8BC4-414E-9E88-4CAEBF41CD94}"
EndProject
Global
	GlobalSection(SolutionConfigurationPlatforms) = preSolution
		Debug|Any CPU = Debug|Any CPU
		Release|Any CPU = Release|Any CPU
	EndGlobalSection
	GlobalSection(ProjectConfigurationPlatforms) = postSolution
		{68D90EF1-A39E-4F6C-A38B-4FDC0489A2B5}.Debug|Any CPU.ActiveCfg = Debug|Any CPU
		{68D90EF1-A39E-4F6C-A38B-4FDC0489A2B5}.Debug|Any CPU.Build.0 = Debug|Any CPU
		{68D90EF1-A39E-4F6C-A38B-4FDC0489A2B5}.Release|Any CPU.ActiveCfg = Release|Any CPU
		{68D90EF1-A39E-4F6C-A38B-4FDC0489A2B5}.Release|Any CPU.Build.0 = Release|Any CPU
		{684AFAF7-8BC4-414E-9E88-4CAEBF41CD94}.Debug|Any CPU.ActiveCfg = Debug|Any CPU
		{684AFAF7-8BC4-414E-9E88-4CAEBF41CD94}.Debug|Any CPU.Build.0 = Debug|Any CPU
		{684AFAF7-8BC4-414E-9E88-4CAEBF41CD94}.Release|Any CPU.ActiveCfg = Release|Any CPU
		{684AFAF7-8BC4-414E-9E88-4CAEBF41CD94}.Release|Any CPU.Build.0 = Release|Any CPU
	EndGlobalSection
	GlobalSection(SolutionProperties) = preSolution
		HideSolutionNode = FALSE
	EndGlobalSection
	GlobalSection(ExtensibilityGlobals) = postSolution
		SolutionGuid = {ACFE9B77-D24A-4715-91FB-BEF573111C29}
	EndGlobalSection
EndGlobal
