
Microsoft Visual Studio Solution File, Format Version 12.00
# Visual Studio Version 17
VisualStudioVersion = 17.0.31903.59
MinimumVisualStudioVersion = 10.0.40219.1
Project("{9A19103F-16F7-4668-BE54-9A1E7A4F7556}") = "DialogEingabeAusgabe", "DialogEingabeAusgabe\DialogEingabeAusgabe.csproj", "{DD033917-5211-4208-AF3C-BF5E8722F05C}"
EndProject
Project("{9A19103F-16F7-4668-BE54-9A1E7A4F7556}") = "DialogStandard", "DialogStandard\DialogStandard.csproj", "{716D674D-BBA1-423F-9F4E-131A0DF06874}"
EndProject
Project("{9A19103F-16F7-4668-BE54-9A1E7A4F7556}") = "UKonverter", "UKonverter\UKonverter.csproj", "{22C4A04D-7E12-476D-BF7A-92024EDC1F49}"
EndProject
Project("{9A19103F-16F7-4668-BE54-9A1E7A4F7556}") = "UArraySummieren", "UArraySummieren\UArraySummieren.csproj", "{BBAADCF8-8AF3-4BEC-A2C4-AD63A6668A90}"
EndProject
Project("{FAE04EC0-301F-11D3-BF4B-00C04F79EFBC}") = "ULottozahlen", "ULottozahlen\ULottozahlen.csproj", "{C4D58E63-1245-48D3-8A9B-899A16937632}"
EndProject
Global
	GlobalSection(SolutionConfigurationPlatforms) = preSolution
		Debug|Any CPU = Debug|Any CPU
		Release|Any CPU = Release|Any CPU
	EndGlobalSection
	GlobalSection(ProjectConfigurationPlatforms) = postSolution
		{DD033917-5211-4208-AF3C-BF5E8722F05C}.Debug|Any CPU.ActiveCfg = Debug|Any CPU
		{DD033917-5211-4208-AF3C-BF5E8722F05C}.Debug|Any CPU.Build.0 = Debug|Any CPU
		{DD033917-5211-4208-AF3C-BF5E8722F05C}.Release|Any CPU.ActiveCfg = Release|Any CPU
		{DD033917-5211-4208-AF3C-BF5E8722F05C}.Release|Any CPU.Build.0 = Release|Any CPU
		{716D674D-BBA1-423F-9F4E-131A0DF06874}.Debug|Any CPU.ActiveCfg = Debug|Any CPU
		{716D674D-BBA1-423F-9F4E-131A0DF06874}.Debug|Any CPU.Build.0 = Debug|Any CPU
		{716D674D-BBA1-423F-9F4E-131A0DF06874}.Release|Any CPU.ActiveCfg = Release|Any CPU
		{716D674D-BBA1-423F-9F4E-131A0DF06874}.Release|Any CPU.Build.0 = Release|Any CPU
		{22C4A04D-7E12-476D-BF7A-92024EDC1F49}.Debug|Any CPU.ActiveCfg = Debug|Any CPU
		{22C4A04D-7E12-476D-BF7A-92024EDC1F49}.Debug|Any CPU.Build.0 = Debug|Any CPU
		{22C4A04D-7E12-476D-BF7A-92024EDC1F49}.Release|Any CPU.ActiveCfg = Release|Any CPU
		{22C4A04D-7E12-476D-BF7A-92024EDC1F49}.Release|Any CPU.Build.0 = Release|Any CPU
		{BBAADCF8-8AF3-4BEC-A2C4-AD63A6668A90}.Debug|Any CPU.ActiveCfg = Debug|Any CPU
		{BBAADCF8-8AF3-4BEC-A2C4-AD63A6668A90}.Debug|Any CPU.Build.0 = Debug|Any CPU
		{BBAADCF8-8AF3-4BEC-A2C4-AD63A6668A90}.Release|Any CPU.ActiveCfg = Release|Any CPU
		{BBAADCF8-8AF3-4BEC-A2C4-AD63A6668A90}.Release|Any CPU.Build.0 = Release|Any CPU
		{C4D58E63-1245-48D3-8A9B-899A16937632}.Debug|Any CPU.ActiveCfg = Debug|Any CPU
		{C4D58E63-1245-48D3-8A9B-899A16937632}.Debug|Any CPU.Build.0 = Debug|Any CPU
		{C4D58E63-1245-48D3-8A9B-899A16937632}.Release|Any CPU.ActiveCfg = Release|Any CPU
		{C4D58E63-1245-48D3-8A9B-899A16937632}.Release|Any CPU.Build.0 = Release|Any CPU
	EndGlobalSection
	GlobalSection(SolutionProperties) = preSolution
		HideSolutionNode = FALSE
	EndGlobalSection
	GlobalSection(ExtensibilityGlobals) = postSolution
		SolutionGuid = {3CC31602-CC6A-4F52-8366-B8727177295A}
	EndGlobalSection
EndGlobal
