
Microsoft Visual Studio Solution File, Format Version 12.00
# Visual Studio Version 17
VisualStudioVersion = 17.0.31903.59
MinimumVisualStudioVersion = 10.0.40219.1
Project("{9A19103F-16F7-4668-BE54-9A1E7A4F7556}") = "DialogEingabeAusgabe", "DialogEingabeAusgabe\DialogEingabeAusgabe.csproj", "{C5487A7B-E164-4FF9-A23C-E89AC43E7EE2}"
EndProject
Project("{9A19103F-16F7-4668-BE54-9A1E7A4F7556}") = "DialogStandard", "DialogStandard\DialogStandard.csproj", "{CA87EE42-ED32-429A-92AA-CC6D77F22203}"
EndProject
Project("{9A19103F-16F7-4668-BE54-9A1E7A4F7556}") = "UDateikonverter", "UDateikonverter\UDateikonverter.csproj", "{C9134471-69CC-4F1F-AD91-37033F280E75}"
EndProject
Project("{9A19103F-16F7-4668-BE54-9A1E7A4F7556}") = "UArraysSummieren", "UArraysSummieren\UArraysSummieren.csproj", "{4E8BF767-A9BE-4483-8E1E-99FA6283ADDD}"
EndProject
Project("{9A19103F-16F7-4668-BE54-9A1E7A4F7556}") = "ULottozahlen", "ULottozahlen\ULottozahlen.csproj", "{80501557-EB85-4EBF-876F-76896ECFE98D}"
EndProject
Project("{FAE04EC0-301F-11D3-BF4B-00C04F79EFBC}") = "UVerein", "UVerein\UVerein.csproj", "{EBD2F49C-C763-4416-B5D5-8E97C6426EF9}"
EndProject
Global
	GlobalSection(SolutionConfigurationPlatforms) = preSolution
		Debug|Any CPU = Debug|Any CPU
		Release|Any CPU = Release|Any CPU
	EndGlobalSection
	GlobalSection(ProjectConfigurationPlatforms) = postSolution
		{C5487A7B-E164-4FF9-A23C-E89AC43E7EE2}.Debug|Any CPU.ActiveCfg = Debug|Any CPU
		{C5487A7B-E164-4FF9-A23C-E89AC43E7EE2}.Debug|Any CPU.Build.0 = Debug|Any CPU
		{C5487A7B-E164-4FF9-A23C-E89AC43E7EE2}.Release|Any CPU.ActiveCfg = Release|Any CPU
		{C5487A7B-E164-4FF9-A23C-E89AC43E7EE2}.Release|Any CPU.Build.0 = Release|Any CPU
		{CA87EE42-ED32-429A-92AA-CC6D77F22203}.Debug|Any CPU.ActiveCfg = Debug|Any CPU
		{CA87EE42-ED32-429A-92AA-CC6D77F22203}.Debug|Any CPU.Build.0 = Debug|Any CPU
		{CA87EE42-ED32-429A-92AA-CC6D77F22203}.Release|Any CPU.ActiveCfg = Release|Any CPU
		{CA87EE42-ED32-429A-92AA-CC6D77F22203}.Release|Any CPU.Build.0 = Release|Any CPU
		{C9134471-69CC-4F1F-AD91-37033F280E75}.Debug|Any CPU.ActiveCfg = Debug|Any CPU
		{C9134471-69CC-4F1F-AD91-37033F280E75}.Debug|Any CPU.Build.0 = Debug|Any CPU
		{C9134471-69CC-4F1F-AD91-37033F280E75}.Release|Any CPU.ActiveCfg = Release|Any CPU
		{C9134471-69CC-4F1F-AD91-37033F280E75}.Release|Any CPU.Build.0 = Release|Any CPU
		{4E8BF767-A9BE-4483-8E1E-99FA6283ADDD}.Debug|Any CPU.ActiveCfg = Debug|Any CPU
		{4E8BF767-A9BE-4483-8E1E-99FA6283ADDD}.Debug|Any CPU.Build.0 = Debug|Any CPU
		{4E8BF767-A9BE-4483-8E1E-99FA6283ADDD}.Release|Any CPU.ActiveCfg = Release|Any CPU
		{4E8BF767-A9BE-4483-8E1E-99FA6283ADDD}.Release|Any CPU.Build.0 = Release|Any CPU
		{80501557-EB85-4EBF-876F-76896ECFE98D}.Debug|Any CPU.ActiveCfg = Debug|Any CPU
		{80501557-EB85-4EBF-876F-76896ECFE98D}.Debug|Any CPU.Build.0 = Debug|Any CPU
		{80501557-EB85-4EBF-876F-76896ECFE98D}.Release|Any CPU.ActiveCfg = Release|Any CPU
		{80501557-EB85-4EBF-876F-76896ECFE98D}.Release|Any CPU.Build.0 = Release|Any CPU
		{EBD2F49C-C763-4416-B5D5-8E97C6426EF9}.Debug|Any CPU.ActiveCfg = Debug|Any CPU
		{EBD2F49C-C763-4416-B5D5-8E97C6426EF9}.Debug|Any CPU.Build.0 = Debug|Any CPU
		{EBD2F49C-C763-4416-B5D5-8E97C6426EF9}.Release|Any CPU.ActiveCfg = Release|Any CPU
		{EBD2F49C-C763-4416-B5D5-8E97C6426EF9}.Release|Any CPU.Build.0 = Release|Any CPU
	EndGlobalSection
	GlobalSection(SolutionProperties) = preSolution
		HideSolutionNode = FALSE
	EndGlobalSection
	GlobalSection(ExtensibilityGlobals) = postSolution
		SolutionGuid = {E5B33612-E686-4CC1-829F-D4BCF5DC23AB}
	EndGlobalSection
EndGlobal
