
Microsoft Visual Studio Solution File, Format Version 12.00
# Visual Studio Version 17
VisualStudioVersion = 17.0.31903.59
MinimumVisualStudioVersion = 10.0.40219.1
Project("{9A19103F-16F7-4668-BE54-9A1E7A4F7556}") = "HalloWelt", "HalloWelt\HalloWelt.csproj", "{28CA8596-A4CA-4B50-9AF8-39ADABF7C2F0}"
EndProject
Project("{FAE04EC0-301F-11D3-BF4B-00C04F79EFBC}") = "UName", "UName\UName.csproj", "{586FEED9-8CE5-409C-A05E-7986E5F600C0}"
EndProject
Global
	GlobalSection(SolutionConfigurationPlatforms) = preSolution
		Debug|Any CPU = Debug|Any CPU
		Release|Any CPU = Release|Any CPU
	EndGlobalSection
	GlobalSection(ProjectConfigurationPlatforms) = postSolution
		{28CA8596-A4CA-4B50-9AF8-39ADABF7C2F0}.Debug|Any CPU.ActiveCfg = Debug|Any CPU
		{28CA8596-A4CA-4B50-9AF8-39ADABF7C2F0}.Debug|Any CPU.Build.0 = Debug|Any CPU
		{28CA8596-A4CA-4B50-9AF8-39ADABF7C2F0}.Release|Any CPU.ActiveCfg = Release|Any CPU
		{28CA8596-A4CA-4B50-9AF8-39ADABF7C2F0}.Release|Any CPU.Build.0 = Release|Any CPU
		{586FEED9-8CE5-409C-A05E-7986E5F600C0}.Debug|Any CPU.ActiveCfg = Debug|Any CPU
		{586FEED9-8CE5-409C-A05E-7986E5F600C0}.Debug|Any CPU.Build.0 = Debug|Any CPU
		{586FEED9-8CE5-409C-A05E-7986E5F600C0}.Release|Any CPU.ActiveCfg = Release|Any CPU
		{586FEED9-8CE5-409C-A05E-7986E5F600C0}.Release|Any CPU.Build.0 = Release|Any CPU
	EndGlobalSection
	GlobalSection(SolutionProperties) = preSolution
		HideSolutionNode = FALSE
	EndGlobalSection
EndGlobal
