
Microsoft Visual Studio Solution File, Format Version 12.00
# Visual Studio Version 17
VisualStudioVersion = 17.0.31903.59
MinimumVisualStudioVersion = 10.0.40219.1
Project("{9A19103F-16F7-4668-BE54-9A1E7A4F7556}") = "HalloWelt", "HalloWelt\HalloWelt.csproj", "{06206217-D33C-4DB1-900B-A1AE25CA9458}"
EndProject
Project("{FAE04EC0-301F-11D3-BF4B-00C04F79EFBC}") = "UName", "UName\UName.csproj", "{889D41ED-2CD5-494F-8C7E-E2DB74670152}"
EndProject
Global
	GlobalSection(SolutionConfigurationPlatforms) = preSolution
		Debug|Any CPU = Debug|Any CPU
		Release|Any CPU = Release|Any CPU
	EndGlobalSection
	GlobalSection(ProjectConfigurationPlatforms) = postSolution
		{06206217-D33C-4DB1-900B-A1AE25CA9458}.Debug|Any CPU.ActiveCfg = Debug|Any CPU
		{06206217-D33C-4DB1-900B-A1AE25CA9458}.Debug|Any CPU.Build.0 = Debug|Any CPU
		{06206217-D33C-4DB1-900B-A1AE25CA9458}.Release|Any CPU.ActiveCfg = Release|Any CPU
		{06206217-D33C-4DB1-900B-A1AE25CA9458}.Release|Any CPU.Build.0 = Release|Any CPU
		{889D41ED-2CD5-494F-8C7E-E2DB74670152}.Debug|Any CPU.ActiveCfg = Debug|Any CPU
		{889D41ED-2CD5-494F-8C7E-E2DB74670152}.Debug|Any CPU.Build.0 = Debug|Any CPU
		{889D41ED-2CD5-494F-8C7E-E2DB74670152}.Release|Any CPU.ActiveCfg = Release|Any CPU
		{889D41ED-2CD5-494F-8C7E-E2DB74670152}.Release|Any CPU.Build.0 = Release|Any CPU
	EndGlobalSection
	GlobalSection(SolutionProperties) = preSolution
		HideSolutionNode = FALSE
	EndGlobalSection
EndGlobal
