
Microsoft Visual Studio Solution File, Format Version 12.00
# Visual Studio Version 17
VisualStudioVersion = 17.0.31903.59
MinimumVisualStudioVersion = 10.0.40219.1
Project("{9A19103F-16F7-4668-BE54-9A1E7A4F7556}") = "StringGrundlagen", "StringGrundlagen\StringGrundlagen.csproj", "{63E83EC3-920D-4225-9EBD-28A20BE8737A}"
EndProject
Project("{FAE04EC0-301F-11D3-BF4B-00C04F79EFBC}") = "DatumUhrzeit", "DatumUhrzeit\DatumUhrzeit.csproj", "{4F20F7B9-03A4-43EB-A21E-2DB43306393C}"
EndProject
Project("{FAE04EC0-301F-11D3-BF4B-00C04F79EFBC}") = "DateiText", "DateiText\DateiText.csproj", "{64EBAAEF-BCA0-44F6-A982-E65834D1FE56}"
EndProject
Project("{FAE04EC0-301F-11D3-BF4B-00C04F79EFBC}") = "Mathematik", "Mathematik\Mathematik.csproj", "{8231C759-9F43-4CB0-B17D-1D4D05493B9D}"
EndProject
Project("{FAE04EC0-301F-11D3-BF4B-00C04F79EFBC}") = "UListe", "UListe\UListe.csproj", "{D07ADB29-655C-4650-B297-9BC47E94BE96}"
EndProject
Global
	GlobalSection(SolutionConfigurationPlatforms) = preSolution
		Debug|Any CPU = Debug|Any CPU
		Release|Any CPU = Release|Any CPU
	EndGlobalSection
	GlobalSection(ProjectConfigurationPlatforms) = postSolution
		{63E83EC3-920D-4225-9EBD-28A20BE8737A}.Debug|Any CPU.ActiveCfg = Debug|Any CPU
		{63E83EC3-920D-4225-9EBD-28A20BE8737A}.Debug|Any CPU.Build.0 = Debug|Any CPU
		{63E83EC3-920D-4225-9EBD-28A20BE8737A}.Release|Any CPU.ActiveCfg = Release|Any CPU
		{63E83EC3-920D-4225-9EBD-28A20BE8737A}.Release|Any CPU.Build.0 = Release|Any CPU
		{4F20F7B9-03A4-43EB-A21E-2DB43306393C}.Debug|Any CPU.ActiveCfg = Debug|Any CPU
		{4F20F7B9-03A4-43EB-A21E-2DB43306393C}.Debug|Any CPU.Build.0 = Debug|Any CPU
		{4F20F7B9-03A4-43EB-A21E-2DB43306393C}.Release|Any CPU.ActiveCfg = Release|Any CPU
		{4F20F7B9-03A4-43EB-A21E-2DB43306393C}.Release|Any CPU.Build.0 = Release|Any CPU
		{64EBAAEF-BCA0-44F6-A982-E65834D1FE56}.Debug|Any CPU.ActiveCfg = Debug|Any CPU
		{64EBAAEF-BCA0-44F6-A982-E65834D1FE56}.Debug|Any CPU.Build.0 = Debug|Any CPU
		{64EBAAEF-BCA0-44F6-A982-E65834D1FE56}.Release|Any CPU.ActiveCfg = Release|Any CPU
		{64EBAAEF-BCA0-44F6-A982-E65834D1FE56}.Release|Any CPU.Build.0 = Release|Any CPU
		{8231C759-9F43-4CB0-B17D-1D4D05493B9D}.Debug|Any CPU.ActiveCfg = Debug|Any CPU
		{8231C759-9F43-4CB0-B17D-1D4D05493B9D}.Debug|Any CPU.Build.0 = Debug|Any CPU
		{8231C759-9F43-4CB0-B17D-1D4D05493B9D}.Release|Any CPU.ActiveCfg = Release|Any CPU
		{8231C759-9F43-4CB0-B17D-1D4D05493B9D}.Release|Any CPU.Build.0 = Release|Any CPU
		{D07ADB29-655C-4650-B297-9BC47E94BE96}.Debug|Any CPU.ActiveCfg = Debug|Any CPU
		{D07ADB29-655C-4650-B297-9BC47E94BE96}.Debug|Any CPU.Build.0 = Debug|Any CPU
		{D07ADB29-655C-4650-B297-9BC47E94BE96}.Release|Any CPU.ActiveCfg = Release|Any CPU
		{D07ADB29-655C-4650-B297-9BC47E94BE96}.Release|Any CPU.Build.0 = Release|Any CPU
	EndGlobalSection
	GlobalSection(SolutionProperties) = preSolution
		HideSolutionNode = FALSE
	EndGlobalSection
	GlobalSection(ExtensibilityGlobals) = postSolution
		SolutionGuid = {A8B6190C-DD60-44E7-A396-CFA44DBE43DD}
	EndGlobalSection
EndGlobal
