
Microsoft Visual Studio Solution File, Format Version 12.00
# Visual Studio Version 17
VisualStudioVersion = 17.0.31903.59
MinimumVisualStudioVersion = 10.0.40219.1
Project("{9A19103F-16F7-4668-BE54-9A1E7A4F7556}") = "StringGrundlagen", "StringGrundlagen\StringGrundlagen.csproj", "{F1BC93CB-B486-44B7-A318-7942FA57B464}"
EndProject
Project("{FAE04EC0-301F-11D3-BF4B-00C04F79EFBC}") = "DatumUhrzeit", "DatumUhrzeit\DatumUhrzeit.csproj", "{34957F15-71F3-40A5-8717-3E7A760D0883}"
EndProject
Project("{FAE04EC0-301F-11D3-BF4B-00C04F79EFBC}") = "DateiText", "DateiText\DateiText.csproj", "{312CDDC5-18D9-42B7-899F-31BA3F17F8E3}"
EndProject
Project("{FAE04EC0-301F-11D3-BF4B-00C04F79EFBC}") = "Mathematik", "Mathematik\Mathematik.csproj", "{56707E44-BAE3-4007-884B-4C04274103C6}"
EndProject
Project("{FAE04EC0-301F-11D3-BF4B-00C04F79EFBC}") = "UDatei", "UDatei\UDatei.csproj", "{EAADAA5B-77BA-4CEB-970C-CFA659DB03CE}"
EndProject
Global
	GlobalSection(SolutionConfigurationPlatforms) = preSolution
		Debug|Any CPU = Debug|Any CPU
		Release|Any CPU = Release|Any CPU
	EndGlobalSection
	GlobalSection(ProjectConfigurationPlatforms) = postSolution
		{F1BC93CB-B486-44B7-A318-7942FA57B464}.Debug|Any CPU.ActiveCfg = Debug|Any CPU
		{F1BC93CB-B486-44B7-A318-7942FA57B464}.Debug|Any CPU.Build.0 = Debug|Any CPU
		{F1BC93CB-B486-44B7-A318-7942FA57B464}.Release|Any CPU.ActiveCfg = Release|Any CPU
		{F1BC93CB-B486-44B7-A318-7942FA57B464}.Release|Any CPU.Build.0 = Release|Any CPU
		{34957F15-71F3-40A5-8717-3E7A760D0883}.Debug|Any CPU.ActiveCfg = Debug|Any CPU
		{34957F15-71F3-40A5-8717-3E7A760D0883}.Debug|Any CPU.Build.0 = Debug|Any CPU
		{34957F15-71F3-40A5-8717-3E7A760D0883}.Release|Any CPU.ActiveCfg = Release|Any CPU
		{34957F15-71F3-40A5-8717-3E7A760D0883}.Release|Any CPU.Build.0 = Release|Any CPU
		{312CDDC5-18D9-42B7-899F-31BA3F17F8E3}.Debug|Any CPU.ActiveCfg = Debug|Any CPU
		{312CDDC5-18D9-42B7-899F-31BA3F17F8E3}.Debug|Any CPU.Build.0 = Debug|Any CPU
		{312CDDC5-18D9-42B7-899F-31BA3F17F8E3}.Release|Any CPU.ActiveCfg = Release|Any CPU
		{312CDDC5-18D9-42B7-899F-31BA3F17F8E3}.Release|Any CPU.Build.0 = Release|Any CPU
		{56707E44-BAE3-4007-884B-4C04274103C6}.Debug|Any CPU.ActiveCfg = Debug|Any CPU
		{56707E44-BAE3-4007-884B-4C04274103C6}.Debug|Any CPU.Build.0 = Debug|Any CPU
		{56707E44-BAE3-4007-884B-4C04274103C6}.Release|Any CPU.ActiveCfg = Release|Any CPU
		{56707E44-BAE3-4007-884B-4C04274103C6}.Release|Any CPU.Build.0 = Release|Any CPU
		{EAADAA5B-77BA-4CEB-970C-CFA659DB03CE}.Debug|Any CPU.ActiveCfg = Debug|Any CPU
		{EAADAA5B-77BA-4CEB-970C-CFA659DB03CE}.Debug|Any CPU.Build.0 = Debug|Any CPU
		{EAADAA5B-77BA-4CEB-970C-CFA659DB03CE}.Release|Any CPU.ActiveCfg = Release|Any CPU
		{EAADAA5B-77BA-4CEB-970C-CFA659DB03CE}.Release|Any CPU.Build.0 = Release|Any CPU
	EndGlobalSection
	GlobalSection(SolutionProperties) = preSolution
		HideSolutionNode = FALSE
	EndGlobalSection
	GlobalSection(ExtensibilityGlobals) = postSolution
		SolutionGuid = {03C99019-6FA2-4614-AE14-4E18224C5991}
	EndGlobalSection
EndGlobal
