
Microsoft Visual Studio Solution File, Format Version 12.00
# Visual Studio Version 17
VisualStudioVersion = 17.9.34607.119
MinimumVisualStudioVersion = 10.0.40219.1
Project("{FAE04EC0-301F-11D3-BF4B-00C04F79EFBC}") = "Bestellungen", "Bestellungen\Bestellungen.csproj", "{75CF674E-EC9E-418D-ABD1-08E0E340694D}"
EndProject
Global
	GlobalSection(SolutionConfigurationPlatforms) = preSolution
		Debug|Any CPU = Debug|Any CPU
		Release|Any CPU = Release|Any CPU
	EndGlobalSection
	GlobalSection(ProjectConfigurationPlatforms) = postSolution
		{75CF674E-EC9E-418D-ABD1-08E0E340694D}.Debug|Any CPU.ActiveCfg = Debug|Any CPU
		{75CF674E-EC9E-418D-ABD1-08E0E340694D}.Debug|Any CPU.Build.0 = Debug|Any CPU
		{75CF674E-EC9E-418D-ABD1-08E0E340694D}.Release|Any CPU.ActiveCfg = Release|Any CPU
		{75CF674E-EC9E-418D-ABD1-08E0E340694D}.Release|Any CPU.Build.0 = Release|Any CPU
	EndGlobalSection
	GlobalSection(SolutionProperties) = preSolution
		HideSolutionNode = FALSE
	EndGlobalSection
	GlobalSection(ExtensibilityGlobals) = postSolution
		SolutionGuid = {A90F2671-7D41-4FC2-A0EC-191AC020AD7D}
	EndGlobalSection
EndGlobal
